
Microsoft Visual Studio Solution File, Format Version 12.00
# Visual Studio Version 17
VisualStudioVersion = 17.9.34723.18
MinimumVisualStudioVersion = 10.0.40219.1
Project("{FAE04EC0-301F-11D3-BF4B-00C04F79EFBC}") = "InterFaceDemo160524", "InterFaceDemo160524.csproj", "{487243A7-1711-48A1-92DE-C4F65887167A}"
EndProject
Global
	GlobalSection(SolutionConfigurationPlatforms) = preSolution
		Debug|Any CPU = Debug|Any CPU
		Release|Any CPU = Release|Any CPU
	EndGlobalSection
	GlobalSection(ProjectConfigurationPlatforms) = postSolution
		{487243A7-1711-48A1-92DE-C4F65887167A}.Debug|Any CPU.ActiveCfg = Debug|Any CPU
		{487243A7-1711-48A1-92DE-C4F65887167A}.Debug|Any CPU.Build.0 = Debug|Any CPU
		{487243A7-1711-48A1-92DE-C4F65887167A}.Release|Any CPU.ActiveCfg = Release|Any CPU
		{487243A7-1711-48A1-92DE-C4F65887167A}.Release|Any CPU.Build.0 = Release|Any CPU
	EndGlobalSection
	GlobalSection(SolutionProperties) = preSolution
		HideSolutionNode = FALSE
	EndGlobalSection
	GlobalSection(ExtensibilityGlobals) = postSolution
		SolutionGuid = {47C8C832-B64D-4C32-84DF-87F5ED88220D}
	EndGlobalSection
EndGlobal
